
Microsoft Visual Studio Solution File, Format Version 12.00
# Visual Studio Version 17
VisualStudioVersion = 17.5.002.0
MinimumVisualStudioVersion = 10.0.40219.1
Project("{9A19103F-16F7-4668-BE54-9A1E7A4F7556}") = "PhoneNumberGenerator", "PhoneNumberGenerator\PhoneNumberGenerator.csproj", "{DB7DB26A-8CDD-4AD2-A436-A92B2A8CBDB0}"
EndProject
Project("{9A19103F-16F7-4668-BE54-9A1E7A4F7556}") = "PhoneNumberGenerator.Library", "PhoneNumberGenerator.Library\PhoneNumberGenerator.Library.csproj", "{E445454A-980E-4116-9578-89DAA047D887}"
EndProject
Project("{2150E333-8FDC-42A3-9474-1A3956D46DE8}") = "Solution Items", "Solution Items", "{71A9003F-4907-48AA-A64F-F9CF78BCC57F}"
	ProjectSection(SolutionItems) = preProject
		.gitignore = .gitignore
		README.md = README.md
	EndProjectSection
EndProject
Global
	GlobalSection(SolutionConfigurationPlatforms) = preSolution
		Debug|Any CPU = Debug|Any CPU
		Release|Any CPU = Release|Any CPU
	EndGlobalSection
	GlobalSection(ProjectConfigurationPlatforms) = postSolution
		{DB7DB26A-8CDD-4AD2-A436-A92B2A8CBDB0}.Debug|Any CPU.ActiveCfg = Debug|Any CPU
		{DB7DB26A-8CDD-4AD2-A436-A92B2A8CBDB0}.Debug|Any CPU.Build.0 = Debug|Any CPU
		{DB7DB26A-8CDD-4AD2-A436-A92B2A8CBDB0}.Release|Any CPU.ActiveCfg = Release|Any CPU
		{DB7DB26A-8CDD-4AD2-A436-A92B2A8CBDB0}.Release|Any CPU.Build.0 = Release|Any CPU
		{E445454A-980E-4116-9578-89DAA047D887}.Debug|Any CPU.ActiveCfg = Debug|Any CPU
		{E445454A-980E-4116-9578-89DAA047D887}.Debug|Any CPU.Build.0 = Debug|Any CPU
		{E445454A-980E-4116-9578-89DAA047D887}.Release|Any CPU.ActiveCfg = Release|Any CPU
		{E445454A-980E-4116-9578-89DAA047D887}.Release|Any CPU.Build.0 = Release|Any CPU
	EndGlobalSection
	GlobalSection(SolutionProperties) = preSolution
		HideSolutionNode = FALSE
	EndGlobalSection
	GlobalSection(ExtensibilityGlobals) = postSolution
		SolutionGuid = {7BE6B2CF-A4EB-429B-85D7-CBA20BB5C43C}
	EndGlobalSection
EndGlobal
